{
  "name": "workflowparser",
  "version": "1.0.0",
  "lockfileVersion": 1,
  "requires": true,
  "dependencies": {
    "csv-writer": {
      "version": "1.5.0",
      "resolved": "https://registry.npmjs.org/csv-writer/-/csv-writer-1.5.0.tgz",
      "integrity": "sha512-Um27xYNzwI6iAXf96tz7j8nnabBbADeDd2cQ5gAjJaXyPrj3C7qX7uCI8Wp8Q+e9rRdkWQ+Sa1J6X5cDyInLWw=="
    }
  }
}
